// !$*UTF8*$!
{
	archiveVersion = 1;
	classes = {
	};
	objectVersion = 56;
	objects = {

/* Begin PBXBuildFile section */
		A00000000000000000000001 /* SmartMenuApp.swift in Sources */ = {isa = PBXBuildFile; fileRef = A00000000000000000000011 /* SmartMenuApp.swift */; };
		A00000000000000000000002 /* SmartStatusView.swift in Sources */ = {isa = PBXBuildFile; fileRef = A00000000000000000000012 /* SmartStatusView.swift */; };
		A00000000000000000000003 /* SMARTParser.swift in Sources */ = {isa = PBXBuildFile; fileRef = A00000000000000000000013 /* SMARTParser.swift */; };
		A00000000000000000000004 /* SmartctlRunner.swift in Sources */ = {isa = PBXBuildFile; fileRef = A00000000000000000000014 /* SmartctlRunner.swift */; };
		A00000000000000000000040 /* MemoryMonitor.swift in Sources */ = {isa = PBXBuildFile; fileRef = A00000000000000000000050 /* MemoryMonitor.swift */; };
		A00000000000000000000041 /* MemoryBar.swift in Sources */ = {isa = PBXBuildFile; fileRef = A00000000000000000000051 /* MemoryBar.swift */; };
		A00000000000000000000005 /* SMARTParserTests.swift in Sources */ = {isa = PBXBuildFile; fileRef = A00000000000000000000015 /* SMARTParserTests.swift */; };
		A00000000000000000000006 /* SMARTParser.swift in Sources */ = {isa = PBXBuildFile; fileRef = A00000000000000000000013 /* SMARTParser.swift */; };
/* End PBXBuildFile section */

/* Begin PBXFileReference section */
		A00000000000000000000007 /* SmartMenu.app */ = {isa = PBXFileReference; explicitFileType = wrapper.application; includeInIndex = 0; path = SmartMenu.app; sourceTree = BUILT_PRODUCTS_DIR; };
		A00000000000000000000008 /* SmartMenuTests.xctest */ = {isa = PBXFileReference; explicitFileType = wrapper.cfbundle; includeInIndex = 0; path = SmartMenuTests.xctest; sourceTree = BUILT_PRODUCTS_DIR; };
		A00000000000000000000011 /* SmartMenuApp.swift */ = {isa = PBXFileReference; lastKnownFileType = sourcecode.swift; path = SmartMenuApp.swift; sourceTree = "<group>"; };
		A00000000000000000000012 /* SmartStatusView.swift */ = {isa = PBXFileReference; lastKnownFileType = sourcecode.swift; path = SmartStatusView.swift; sourceTree = "<group>"; };
		A00000000000000000000013 /* SMARTParser.swift */ = {isa = PBXFileReference; lastKnownFileType = sourcecode.swift; path = SMARTParser.swift; sourceTree = "<group>"; };
		A00000000000000000000014 /* SmartctlRunner.swift */ = {isa = PBXFileReference; lastKnownFileType = sourcecode.swift; path = SmartctlRunner.swift; sourceTree = "<group>"; };
		A00000000000000000000050 /* MemoryMonitor.swift */ = {isa = PBXFileReference; lastKnownFileType = sourcecode.swift; path = MemoryMonitor.swift; sourceTree = "<group>"; };
		A00000000000000000000051 /* MemoryBar.swift */ = {isa = PBXFileReference; lastKnownFileType = sourcecode.swift; path = MemoryBar.swift; sourceTree = "<group>"; };
		A00000000000000000000015 /* SMARTParserTests.swift */ = {isa = PBXFileReference; lastKnownFileType = sourcecode.swift; path = SMARTParserTests.swift; sourceTree = "<group>"; };
/* End PBXFileReference section */

/* Begin PBXFrameworksBuildPhase section */
		A00000000000000000000016 /* Frameworks */ = {isa = PBXFrameworksBuildPhase; buildActionMask = 2147483647; files = ( ); runOnlyForDeploymentPostprocessing = 0; };
		A00000000000000000000017 /* Frameworks */ = {isa = PBXFrameworksBuildPhase; buildActionMask = 2147483647; files = ( ); runOnlyForDeploymentPostprocessing = 0; };
/* End PBXFrameworksBuildPhase section */

/* Begin PBXGroup section */
		A00000000000000000000018 = {
			isa = PBXGroup;
			children = (
				A00000000000000000000019 /* SmartMenu */,
				A00000000000000000000020 /* SmartMenuTests */,
				A00000000000000000000021 /* Products */,
			);
			sourceTree = "<group>";
		};
		A00000000000000000000019 /* SmartMenu */ = {
			isa = PBXGroup;
			children = (
				A00000000000000000000011 /* SmartMenuApp.swift */,
				A00000000000000000000012 /* SmartStatusView.swift */,
				A00000000000000000000013 /* SMARTParser.swift */,
				A00000000000000000000014 /* SmartctlRunner.swift */,
				A00000000000000000000050 /* MemoryMonitor.swift */,
				A00000000000000000000051 /* MemoryBar.swift */,
			);
			path = SmartMenu;
			sourceTree = "<group>";
		};
		A00000000000000000000020 /* SmartMenuTests */ = {
			isa = PBXGroup;
			children = (
				A00000000000000000000015 /* SMARTParserTests.swift */,
			);
			path = SmartMenuTests;
			sourceTree = "<group>";
		};
		A00000000000000000000021 /* Products */ = {
			isa = PBXGroup;
			children = (
				A00000000000000000000007 /* SmartMenu.app */,
				A00000000000000000000008 /* SmartMenuTests.xctest */,
			);
			name = Products;
			sourceTree = "<group>";
		};
/* End PBXGroup section */

/* Begin PBXNativeTarget section */
		A00000000000000000000022 /* SmartMenu */ = {
			isa = PBXNativeTarget;
			buildConfigurationList = A00000000000000000000030 /* Build configuration list for PBXNativeTarget "SmartMenu" */;
			buildPhases = (
				A00000000000000000000024 /* Sources */,
				A00000000000000000000016 /* Frameworks */,
			);
			buildRules = ( );
			dependencies = ( );
			name = SmartMenu;
			productName = SmartMenu;
			productReference = A00000000000000000000007 /* SmartMenu.app */;
			productType = "com.apple.product-type.application";
		};
		A00000000000000000000023 /* SmartMenuTests */ = {
			isa = PBXNativeTarget;
			buildConfigurationList = A00000000000000000000031 /* Build configuration list for PBXNativeTarget "SmartMenuTests" */;
			buildPhases = (
				A00000000000000000000025 /* Sources */,
				A00000000000000000000017 /* Frameworks */,
			);
			buildRules = ( );
			dependencies = ( );
			name = SmartMenuTests;
			productName = SmartMenuTests;
			productReference = A00000000000000000000008 /* SmartMenuTests.xctest */;
			productType = "com.apple.product-type.bundle.unit-test";
		};
/* End PBXNativeTarget section */

/* Begin PBXProject section */
		A00000000000000000000026 /* Project object */ = {
			isa = PBXProject;
			attributes = {
				BuildIndependentTargetsInParallel = 1;
				LastSwiftUpdateCheck = 1600;
				LastUpgradeCheck = 1600;
				TargetAttributes = {
					A00000000000000000000022 = { CreatedOnToolsVersion = 16.0; };
					A00000000000000000000023 = { CreatedOnToolsVersion = 16.0; };
				};
			};
			buildConfigurationList = A00000000000000000000029 /* Build configuration list for PBXProject "SmartMenu" */;
			compatibilityVersion = "Xcode 14.0";
			developmentRegion = en;
			hasScannedForEncodings = 0;
			knownRegions = ( en, Base );
			mainGroup = A00000000000000000000018;
			productRefGroup = A00000000000000000000021 /* Products */;
			projectDirPath = "";
			projectRoot = "";
			targets = (
				A00000000000000000000022 /* SmartMenu */,
				A00000000000000000000023 /* SmartMenuTests */,
			);
		};
/* End PBXProject section */

/* Begin PBXSourcesBuildPhase section */
		A00000000000000000000024 /* Sources */ = {isa = PBXSourcesBuildPhase; buildActionMask = 2147483647; files = ( A00000000000000000000001, A00000000000000000000002, A00000000000000000000003, A00000000000000000000004, A00000000000000000000040, A00000000000000000000041, ); runOnlyForDeploymentPostprocessing = 0; };
		A00000000000000000000025 /* Sources */ = {isa = PBXSourcesBuildPhase; buildActionMask = 2147483647; files = ( A00000000000000000000005, A00000000000000000000006, ); runOnlyForDeploymentPostprocessing = 0; };
/* End PBXSourcesBuildPhase section */

/* Begin XCBuildConfiguration section */
		A00000000000000000000032 /* Debug */ = {isa = XCBuildConfiguration; buildSettings = { ALWAYS_SEARCH_USER_PATHS = NO; CLANG_ENABLE_MODULES = YES; CLANG_ENABLE_OBJC_ARC = YES; CLANG_WARN_BOOL_CONVERSION = YES; CLANG_WARN_CONSTANT_CONVERSION = YES; CLANG_WARN_EMPTY_BODY = YES; CLANG_WARN_ENUM_CONVERSION = YES; CLANG_WARN_INT_CONVERSION = YES; CLANG_WARN_OBJC_ROOT_CLASS = YES_ERROR; CLANG_WARN_UNREACHABLE_CODE = YES; CLANG_WARN__DUPLICATE_METHOD_MATCH = YES; COPY_PHASE_STRIP = NO; DEBUG_INFORMATION_FORMAT = dwarf; ENABLE_STRICT_OBJC_MSGSEND = YES; ENABLE_TESTABILITY = YES; GCC_C_LANGUAGE_STANDARD = gnu17; GCC_NO_COMMON_BLOCKS = YES; GCC_OPTIMIZATION_LEVEL = 0; MACOSX_DEPLOYMENT_TARGET = 13.0; SDKROOT = macosx; SWIFT_ACTIVE_COMPILATION_CONDITIONS = DEBUG; SWIFT_OPTIMIZATION_LEVEL = "-Onone"; }; name = Debug; };
		A00000000000000000000033 /* Release */ = {isa = XCBuildConfiguration; buildSettings = { ALWAYS_SEARCH_USER_PATHS = NO; CLANG_ENABLE_MODULES = YES; CLANG_ENABLE_OBJC_ARC = YES; CLANG_WARN_BOOL_CONVERSION = YES; CLANG_WARN_CONSTANT_CONVERSION = YES; CLANG_WARN_EMPTY_BODY = YES; CLANG_WARN_ENUM_CONVERSION = YES; CLANG_WARN_INT_CONVERSION = YES; CLANG_WARN_OBJC_ROOT_CLASS = YES_ERROR; CLANG_WARN_UNREACHABLE_CODE = YES; CLANG_WARN__DUPLICATE_METHOD_MATCH = YES; COPY_PHASE_STRIP = NO; DEBUG_INFORMATION_FORMAT = "dwarf-with-dsym"; ENABLE_NS_ASSERTIONS = NO; ENABLE_STRICT_OBJC_MSGSEND = YES; GCC_C_LANGUAGE_STANDARD = gnu17; GCC_NO_COMMON_BLOCKS = YES; MACOSX_DEPLOYMENT_TARGET = 13.0; SDKROOT = macosx; SWIFT_COMPILATION_MODE = wholemodule; }; name = Release; };
		A00000000000000000000034 /* Debug */ = {isa = XCBuildConfiguration; buildSettings = { ASSETCATALOG_COMPILER_APPICON_NAME = AppIcon; CODE_SIGN_STYLE = Automatic; ENABLE_APP_SANDBOX = NO; GENERATE_INFOPLIST_FILE = YES; INFOPLIST_KEY_CFBundleDisplayName = "Smart Menu"; INFOPLIST_KEY_LSUIElement = YES; MARKETING_VERSION = 1.0; PRODUCT_BUNDLE_IDENTIFIER = com.example.SmartMenu; PRODUCT_NAME = "$(TARGET_NAME)"; SWIFT_VERSION = 5.0; }; name = Debug; };
		A00000000000000000000035 /* Release */ = {isa = XCBuildConfiguration; buildSettings = { ASSETCATALOG_COMPILER_APPICON_NAME = AppIcon; CODE_SIGN_STYLE = Automatic; ENABLE_APP_SANDBOX = NO; GENERATE_INFOPLIST_FILE = YES; INFOPLIST_KEY_CFBundleDisplayName = "Smart Menu"; INFOPLIST_KEY_LSUIElement = YES; MARKETING_VERSION = 1.0; PRODUCT_BUNDLE_IDENTIFIER = com.example.SmartMenu; PRODUCT_NAME = "$(TARGET_NAME)"; SWIFT_VERSION = 5.0; }; name = Release; };
		A00000000000000000000036 /* Debug */ = {isa = XCBuildConfiguration; buildSettings = { CODE_SIGN_STYLE = Automatic; GENERATE_INFOPLIST_FILE = YES; PRODUCT_BUNDLE_IDENTIFIER = com.example.SmartMenuTests; PRODUCT_NAME = "$(TARGET_NAME)"; SWIFT_VERSION = 5.0; }; name = Debug; };
		A00000000000000000000037 /* Release */ = {isa = XCBuildConfiguration; buildSettings = { CODE_SIGN_STYLE = Automatic; GENERATE_INFOPLIST_FILE = YES; PRODUCT_BUNDLE_IDENTIFIER = com.example.SmartMenuTests; PRODUCT_NAME = "$(TARGET_NAME)"; SWIFT_VERSION = 5.0; }; name = Release; };
/* End XCBuildConfiguration section */

/* Begin XCConfigurationList section */
		A00000000000000000000029 /* Build configuration list for PBXProject "SmartMenu" */ = {isa = XCConfigurationList; buildConfigurations = ( A00000000000000000000032 /* Debug */, A00000000000000000000033 /* Release */, ); defaultConfigurationIsVisible = 0; defaultConfigurationName = Release; };
		A00000000000000000000030 /* Build configuration list for PBXNativeTarget "SmartMenu" */ = {isa = XCConfigurationList; buildConfigurations = ( A00000000000000000000034 /* Debug */, A00000000000000000000035 /* Release */, ); defaultConfigurationIsVisible = 0; defaultConfigurationName = Release; };
		A00000000000000000000031 /* Build configuration list for PBXNativeTarget "SmartMenuTests" */ = {isa = XCConfigurationList; buildConfigurations = ( A00000000000000000000036 /* Debug */, A00000000000000000000037 /* Release */, ); defaultConfigurationIsVisible = 0; defaultConfigurationName = Release; };
/* End XCConfigurationList section */
	};
	rootObject = A00000000000000000000026 /* Project object */;
}
